// !$*UTF8*$!
{
	archiveVersion = 1;
	classes = {
	};
	objectVersion = 46;
	objects = {

/* Begin PBXBuildFile section */
		9A1667661F45306B00649FAA /* BaseTabBarItem.swift in Sources */ = {isa = PBXBuildFile; fileRef = 9A1667651F45306B00649FAA /* BaseTabBarItem.swift */; };
		9A1667681F4541CD00649FAA /* ChatViewCell.swift in Sources */ = {isa = PBXBuildFile; fileRef = 9A1667671F4541CD00649FAA /* ChatViewCell.swift */; };
		9A16676B1F4586A100649FAA /* ChatDetaillViewController.swift in Sources */ = {isa = PBXBuildFile; fileRef = 9A16676A1F4586A100649FAA /* ChatDetaillViewController.swift */; };
		9A16676D1F4592A800649FAA /* ChatDetailCell.swift in Sources */ = {isa = PBXBuildFile; fileRef = 9A16676C1F4592A800649FAA /* ChatDetailCell.swift */; };
		9A16676F1F4592FD00649FAA /* ChatDetailRightCell.swift in Sources */ = {isa = PBXBuildFile; fileRef = 9A16676E1F4592FC00649FAA /* ChatDetailRightCell.swift */; };
		9A1667711F459BC900649FAA /* BottomView.swift in Sources */ = {isa = PBXBuildFile; fileRef = 9A1667701F459BC900649FAA /* BottomView.swift */; };
		9A1E3C281F44303E00F0EEB7 /* AppDelegate.swift in Sources */ = {isa = PBXBuildFile; fileRef = 9A1E3C271F44303E00F0EEB7 /* AppDelegate.swift */; };
		9A1E3C2D1F44303E00F0EEB7 /* Main.storyboard in Resources */ = {isa = PBXBuildFile; fileRef = 9A1E3C2B1F44303E00F0EEB7 /* Main.storyboard */; };
		9A1E3C2F1F44303E00F0EEB7 /* Assets.xcassets in Resources */ = {isa = PBXBuildFile; fileRef = 9A1E3C2E1F44303E00F0EEB7 /* Assets.xcassets */; };
		9A1E3C321F44303E00F0EEB7 /* LaunchScreen.storyboard in Resources */ = {isa = PBXBuildFile; fileRef = 9A1E3C301F44303E00F0EEB7 /* LaunchScreen.storyboard */; };
		9A1E3C3B1F44426D00F0EEB7 /* BaseNavgationController.swift in Sources */ = {isa = PBXBuildFile; fileRef = 9A1E3C3A1F44426D00F0EEB7 /* BaseNavgationController.swift */; };
		9A1E3C3D1F44429300F0EEB7 /* BaseTabBarController.swift in Sources */ = {isa = PBXBuildFile; fileRef = 9A1E3C3C1F44429300F0EEB7 /* BaseTabBarController.swift */; };
		9A1E3C3F1F4442A900F0EEB7 /* BaseViewController.swift in Sources */ = {isa = PBXBuildFile; fileRef = 9A1E3C3E1F4442A900F0EEB7 /* BaseViewController.swift */; };
		9A1E3C421F44431900F0EEB7 /* ChatViewController.swift in Sources */ = {isa = PBXBuildFile; fileRef = 9A1E3C411F44431900F0EEB7 /* ChatViewController.swift */; };
		9A1E3C441F44435300F0EEB7 /* AddressBookViewController.swift in Sources */ = {isa = PBXBuildFile; fileRef = 9A1E3C431F44435300F0EEB7 /* AddressBookViewController.swift */; };
		9A1E3C461F44436500F0EEB7 /* DiscoverViewController.swift in Sources */ = {isa = PBXBuildFile; fileRef = 9A1E3C451F44436500F0EEB7 /* DiscoverViewController.swift */; };
		9A1E3C481F44437900F0EEB7 /* UserInfoViewController.swift in Sources */ = {isa = PBXBuildFile; fileRef = 9A1E3C471F44437900F0EEB7 /* UserInfoViewController.swift */; };
		9A32730E1F5FA39600A82063 /* CustomerImageView.swift in Sources */ = {isa = PBXBuildFile; fileRef = 9A32730D1F5FA39600A82063 /* CustomerImageView.swift */; };
		9A477B461F4AC5BC005D3964 /* CustomerView.swift in Sources */ = {isa = PBXBuildFile; fileRef = 9A477B451F4AC5BC005D3964 /* CustomerView.swift */; };
		9A79DED51F5E85B2006881C7 /* PictureView.swift in Sources */ = {isa = PBXBuildFile; fileRef = 9A79DED41F5E85B2006881C7 /* PictureView.swift */; };
		9A8F7B041F553EA3004A0D4E /* DiscoverCell.swift in Sources */ = {isa = PBXBuildFile; fileRef = 9A8F7B021F553EA3004A0D4E /* DiscoverCell.swift */; };
		9A8F7B051F553EA3004A0D4E /* DiscoverCell.xib in Resources */ = {isa = PBXBuildFile; fileRef = 9A8F7B031F553EA3004A0D4E /* DiscoverCell.xib */; };
		9A8F7B071F55424C004A0D4E /* CustomerFlowLayout.swift in Sources */ = {isa = PBXBuildFile; fileRef = 9A8F7B061F55424C004A0D4E /* CustomerFlowLayout.swift */; };
		9A8F7B091F5549F1004A0D4E /* DiscoverDetaillController.swift in Sources */ = {isa = PBXBuildFile; fileRef = 9A8F7B081F5549F1004A0D4E /* DiscoverDetaillController.swift */; };
		9AAE4CFE1F57B3A700FAFD83 /* CustomerAnimationView.swift in Sources */ = {isa = PBXBuildFile; fileRef = 9AAE4CFD1F57B3A700FAFD83 /* CustomerAnimationView.swift */; };
/* End PBXBuildFile section */

/* Begin PBXFileReference section */
		9A1667651F45306B00649FAA /* BaseTabBarItem.swift */ = {isa = PBXFileReference; fileEncoding = 4; lastKnownFileType = sourcecode.swift; path = BaseTabBarItem.swift; sourceTree = "<group>"; };
		9A1667671F4541CD00649FAA /* ChatViewCell.swift */ = {isa = PBXFileReference; fileEncoding = 4; lastKnownFileType = sourcecode.swift; path = ChatViewCell.swift; sourceTree = "<group>"; };
		9A16676A1F4586A100649FAA /* ChatDetaillViewController.swift */ = {isa = PBXFileReference; fileEncoding = 4; lastKnownFileType = sourcecode.swift; path = ChatDetaillViewController.swift; sourceTree = "<group>"; };
		9A16676C1F4592A800649FAA /* ChatDetailCell.swift */ = {isa = PBXFileReference; fileEncoding = 4; lastKnownFileType = sourcecode.swift; path = ChatDetailCell.swift; sourceTree = "<group>"; };
		9A16676E1F4592FC00649FAA /* ChatDetailRightCell.swift */ = {isa = PBXFileReference; fileEncoding = 4; lastKnownFileType = sourcecode.swift; path = ChatDetailRightCell.swift; sourceTree = "<group>"; };
		9A1667701F459BC900649FAA /* BottomView.swift */ = {isa = PBXFileReference; fileEncoding = 4; lastKnownFileType = sourcecode.swift; path = BottomView.swift; sourceTree = "<group>"; };
		9A1E3C241F44303E00F0EEB7 /* We-Chat.app */ = {isa = PBXFileReference; explicitFileType = wrapper.application; includeInIndex = 0; path = "We-Chat.app"; sourceTree = BUILT_PRODUCTS_DIR; };
		9A1E3C271F44303E00F0EEB7 /* AppDelegate.swift */ = {isa = PBXFileReference; lastKnownFileType = sourcecode.swift; path = AppDelegate.swift; sourceTree = "<group>"; };
		9A1E3C2C1F44303E00F0EEB7 /* Base */ = {isa = PBXFileReference; lastKnownFileType = file.storyboard; name = Base; path = Base.lproj/Main.storyboard; sourceTree = "<group>"; };
		9A1E3C2E1F44303E00F0EEB7 /* Assets.xcassets */ = {isa = PBXFileReference; lastKnownFileType = folder.assetcatalog; path = Assets.xcassets; sourceTree = "<group>"; };
		9A1E3C311F44303E00F0EEB7 /* Base */ = {isa = PBXFileReference; lastKnownFileType = file.storyboard; name = Base; path = Base.lproj/LaunchScreen.storyboard; sourceTree = "<group>"; };
		9A1E3C331F44303E00F0EEB7 /* Info.plist */ = {isa = PBXFileReference; lastKnownFileType = text.plist.xml; path = Info.plist; sourceTree = "<group>"; };
		9A1E3C3A1F44426D00F0EEB7 /* BaseNavgationController.swift */ = {isa = PBXFileReference; fileEncoding = 4; lastKnownFileType = sourcecode.swift; path = BaseNavgationController.swift; sourceTree = "<group>"; };
		9A1E3C3C1F44429300F0EEB7 /* BaseTabBarController.swift */ = {isa = PBXFileReference; fileEncoding = 4; lastKnownFileType = sourcecode.swift; path = BaseTabBarController.swift; sourceTree = "<group>"; };
		9A1E3C3E1F4442A900F0EEB7 /* BaseViewController.swift */ = {isa = PBXFileReference; fileEncoding = 4; lastKnownFileType = sourcecode.swift; path = BaseViewController.swift; sourceTree = "<group>"; };
		9A1E3C411F44431900F0EEB7 /* ChatViewController.swift */ = {isa = PBXFileReference; fileEncoding = 4; lastKnownFileType = sourcecode.swift; path = ChatViewController.swift; sourceTree = "<group>"; };
		9A1E3C431F44435300F0EEB7 /* AddressBookViewController.swift */ = {isa = PBXFileReference; fileEncoding = 4; lastKnownFileType = sourcecode.swift; path = AddressBookViewController.swift; sourceTree = "<group>"; };
		9A1E3C451F44436500F0EEB7 /* DiscoverViewController.swift */ = {isa = PBXFileReference; fileEncoding = 4; lastKnownFileType = sourcecode.swift; path = DiscoverViewController.swift; sourceTree = "<group>"; };
		9A1E3C471F44437900F0EEB7 /* UserInfoViewController.swift */ = {isa = PBXFileReference; fileEncoding = 4; lastKnownFileType = sourcecode.swift; path = UserInfoViewController.swift; sourceTree = "<group>"; };
		9A32730D1F5FA39600A82063 /* CustomerImageView.swift */ = {isa = PBXFileReference; fileEncoding = 4; lastKnownFileType = sourcecode.swift; path = CustomerImageView.swift; sourceTree = "<group>"; };
		9A477B451F4AC5BC005D3964 /* CustomerView.swift */ = {isa = PBXFileReference; fileEncoding = 4; lastKnownFileType = sourcecode.swift; path = CustomerView.swift; sourceTree = "<group>"; };
		9A79DED41F5E85B2006881C7 /* PictureView.swift */ = {isa = PBXFileReference; fileEncoding = 4; lastKnownFileType = sourcecode.swift; path = PictureView.swift; sourceTree = "<group>"; };
		9A8F7B021F553EA3004A0D4E /* DiscoverCell.swift */ = {isa = PBXFileReference; fileEncoding = 4; lastKnownFileType = sourcecode.swift; path = DiscoverCell.swift; sourceTree = "<group>"; };
		9A8F7B031F553EA3004A0D4E /* DiscoverCell.xib */ = {isa = PBXFileReference; fileEncoding = 4; lastKnownFileType = file.xib; path = DiscoverCell.xib; sourceTree = "<group>"; };
		9A8F7B061F55424C004A0D4E /* CustomerFlowLayout.swift */ = {isa = PBXFileReference; fileEncoding = 4; lastKnownFileType = sourcecode.swift; path = CustomerFlowLayout.swift; sourceTree = "<group>"; };
		9A8F7B081F5549F1004A0D4E /* DiscoverDetaillController.swift */ = {isa = PBXFileReference; fileEncoding = 4; lastKnownFileType = sourcecode.swift; path = DiscoverDetaillController.swift; sourceTree = "<group>"; };
		9AAE4CFD1F57B3A700FAFD83 /* CustomerAnimationView.swift */ = {isa = PBXFileReference; fileEncoding = 4; lastKnownFileType = sourcecode.swift; path = CustomerAnimationView.swift; sourceTree = "<group>"; };
/* End PBXFileReference section */

/* Begin PBXFrameworksBuildPhase section */
		9A1E3C211F44303E00F0EEB7 /* Frameworks */ = {
			isa = PBXFrameworksBuildPhase;
			buildActionMask = 2147483647;
			files = (
			);
			runOnlyForDeploymentPostprocessing = 0;
		};
/* End PBXFrameworksBuildPhase section */

/* Begin PBXGroup section */
		9A1667641F45303C00649FAA /* BaseViews */ = {
			isa = PBXGroup;
			children = (
				9A8F7B011F553E75004A0D4E /* Discover */,
				9A1667651F45306B00649FAA /* BaseTabBarItem.swift */,
				9A1667671F4541CD00649FAA /* ChatViewCell.swift */,
				9A16676C1F4592A800649FAA /* ChatDetailCell.swift */,
				9A16676E1F4592FC00649FAA /* ChatDetailRightCell.swift */,
				9A1667701F459BC900649FAA /* BottomView.swift */,
				9A477B451F4AC5BC005D3964 /* CustomerView.swift */,
			);
			name = BaseViews;
			sourceTree = "<group>";
		};
		9A1667691F45864200649FAA /* Chat */ = {
			isa = PBXGroup;
			children = (
				9A1E3C411F44431900F0EEB7 /* ChatViewController.swift */,
				9A16676A1F4586A100649FAA /* ChatDetaillViewController.swift */,
			);
			name = Chat;
			sourceTree = "<group>";
		};
		9A1E3C1B1F44303E00F0EEB7 = {
			isa = PBXGroup;
			children = (
				9A1E3C261F44303E00F0EEB7 /* We-Chat */,
				9A1E3C251F44303E00F0EEB7 /* Products */,
			);
			sourceTree = "<group>";
		};
		9A1E3C251F44303E00F0EEB7 /* Products */ = {
			isa = PBXGroup;
			children = (
				9A1E3C241F44303E00F0EEB7 /* We-Chat.app */,
			);
			name = Products;
			sourceTree = "<group>";
		};
		9A1E3C261F44303E00F0EEB7 /* We-Chat */ = {
			isa = PBXGroup;
			children = (
				9A1E3C271F44303E00F0EEB7 /* AppDelegate.swift */,
				9A1667641F45303C00649FAA /* BaseViews */,
				9A1E3C401F4442F700F0EEB7 /* ViewControllers */,
				9A1E3C391F44422900F0EEB7 /* BaseControllers */,
				9A1E3C2B1F44303E00F0EEB7 /* Main.storyboard */,
				9A1E3C2E1F44303E00F0EEB7 /* Assets.xcassets */,
				9A1E3C301F44303E00F0EEB7 /* LaunchScreen.storyboard */,
				9A1E3C331F44303E00F0EEB7 /* Info.plist */,
			);
			path = "We-Chat";
			sourceTree = "<group>";
		};
		9A1E3C391F44422900F0EEB7 /* BaseControllers */ = {
			isa = PBXGroup;
			children = (
				9A1E3C3A1F44426D00F0EEB7 /* BaseNavgationController.swift */,
				9A1E3C3C1F44429300F0EEB7 /* BaseTabBarController.swift */,
				9A1E3C3E1F4442A900F0EEB7 /* BaseViewController.swift */,
			);
			name = BaseControllers;
			sourceTree = "<group>";
		};
		9A1E3C401F4442F700F0EEB7 /* ViewControllers */ = {
			isa = PBXGroup;
			children = (
				9AAE4CFC1F57B35400FAFD83 /* User */,
				9A8F7B001F553E63004A0D4E /* Discover */,
				9A1667691F45864200649FAA /* Chat */,
				9A1E3C431F44435300F0EEB7 /* AddressBookViewController.swift */,
			);
			name = ViewControllers;
			sourceTree = "<group>";
		};
		9A8F7B001F553E63004A0D4E /* Discover */ = {
			isa = PBXGroup;
			children = (
				9A1E3C451F44436500F0EEB7 /* DiscoverViewController.swift */,
				9A8F7B081F5549F1004A0D4E /* DiscoverDetaillController.swift */,
				9A8F7B061F55424C004A0D4E /* CustomerFlowLayout.swift */,
			);
			name = Discover;
			sourceTree = "<group>";
		};
		9A8F7B011F553E75004A0D4E /* Discover */ = {
			isa = PBXGroup;
			children = (
				9A8F7B021F553EA3004A0D4E /* DiscoverCell.swift */,
				9A8F7B031F553EA3004A0D4E /* DiscoverCell.xib */,
			);
			name = Discover;
			sourceTree = "<group>";
		};
		9AAE4CFC1F57B35400FAFD83 /* User */ = {
			isa = PBXGroup;
			children = (
				9A1E3C471F44437900F0EEB7 /* UserInfoViewController.swift */,
				9AAE4CFD1F57B3A700FAFD83 /* CustomerAnimationView.swift */,
				9A79DED41F5E85B2006881C7 /* PictureView.swift */,
				9A32730D1F5FA39600A82063 /* CustomerImageView.swift */,
			);
			name = User;
			sourceTree = "<group>";
		};
/* End PBXGroup section */

/* Begin PBXNativeTarget section */
		9A1E3C231F44303E00F0EEB7 /* We-Chat */ = {
			isa = PBXNativeTarget;
			buildConfigurationList = 9A1E3C361F44303E00F0EEB7 /* Build configuration list for PBXNativeTarget "We-Chat" */;
			buildPhases = (
				9A1E3C201F44303E00F0EEB7 /* Sources */,
				9A1E3C211F44303E00F0EEB7 /* Frameworks */,
				9A1E3C221F44303E00F0EEB7 /* Resources */,
			);
			buildRules = (
			);
			dependencies = (
			);
			name = "We-Chat";
			productName = "We-Chat";
			productReference = 9A1E3C241F44303E00F0EEB7 /* We-Chat.app */;
			productType = "com.apple.product-type.application";
		};
/* End PBXNativeTarget section */

/* Begin PBXProject section */
		9A1E3C1C1F44303E00F0EEB7 /* Project object */ = {
			isa = PBXProject;
			attributes = {
				LastSwiftUpdateCheck = 0830;
				LastUpgradeCheck = 0830;
				ORGANIZATIONNAME = "许菠菠";
				TargetAttributes = {
					9A1E3C231F44303E00F0EEB7 = {
						CreatedOnToolsVersion = 8.3.3;
						DevelopmentTeam = KDWLXRW984;
						ProvisioningStyle = Automatic;
					};
				};
			};
			buildConfigurationList = 9A1E3C1F1F44303E00F0EEB7 /* Build configuration list for PBXProject "We-Chat" */;
			compatibilityVersion = "Xcode 3.2";
			developmentRegion = English;
			hasScannedForEncodings = 0;
			knownRegions = (
				en,
				Base,
			);
			mainGroup = 9A1E3C1B1F44303E00F0EEB7;
			productRefGroup = 9A1E3C251F44303E00F0EEB7 /* Products */;
			projectDirPath = "";
			projectRoot = "";
			targets = (
				9A1E3C231F44303E00F0EEB7 /* We-Chat */,
			);
		};
/* End PBXProject section */

/* Begin PBXResourcesBuildPhase section */
		9A1E3C221F44303E00F0EEB7 /* Resources */ = {
			isa = PBXResourcesBuildPhase;
			buildActionMask = 2147483647;
			files = (
				9A8F7B051F553EA3004A0D4E /* DiscoverCell.xib in Resources */,
				9A1E3C321F44303E00F0EEB7 /* LaunchScreen.storyboard in Resources */,
				9A1E3C2F1F44303E00F0EEB7 /* Assets.xcassets in Resources */,
				9A1E3C2D1F44303E00F0EEB7 /* Main.storyboard in Resources */,
			);
			runOnlyForDeploymentPostprocessing = 0;
		};
/* End PBXResourcesBuildPhase section */

/* Begin PBXSourcesBuildPhase section */
		9A1E3C201F44303E00F0EEB7 /* Sources */ = {
			isa = PBXSourcesBuildPhase;
			buildActionMask = 2147483647;
			files = (
				9A8F7B091F5549F1004A0D4E /* DiscoverDetaillController.swift in Sources */,
				9A1667661F45306B00649FAA /* BaseTabBarItem.swift in Sources */,
				9A8F7B071F55424C004A0D4E /* CustomerFlowLayout.swift in Sources */,
				9A1E3C441F44435300F0EEB7 /* AddressBookViewController.swift in Sources */,
				9A16676D1F4592A800649FAA /* ChatDetailCell.swift in Sources */,
				9A1E3C481F44437900F0EEB7 /* UserInfoViewController.swift in Sources */,
				9A1E3C3B1F44426D00F0EEB7 /* BaseNavgationController.swift in Sources */,
				9A477B461F4AC5BC005D3964 /* CustomerView.swift in Sources */,
				9A1E3C461F44436500F0EEB7 /* DiscoverViewController.swift in Sources */,
				9A1E3C3F1F4442A900F0EEB7 /* BaseViewController.swift in Sources */,
				9A1667681F4541CD00649FAA /* ChatViewCell.swift in Sources */,
				9A1E3C281F44303E00F0EEB7 /* AppDelegate.swift in Sources */,
				9AAE4CFE1F57B3A700FAFD83 /* CustomerAnimationView.swift in Sources */,
				9A32730E1F5FA39600A82063 /* CustomerImageView.swift in Sources */,
				9A16676F1F4592FD00649FAA /* ChatDetailRightCell.swift in Sources */,
				9A1E3C421F44431900F0EEB7 /* ChatViewController.swift in Sources */,
				9A79DED51F5E85B2006881C7 /* PictureView.swift in Sources */,
				9A8F7B041F553EA3004A0D4E /* DiscoverCell.swift in Sources */,
				9A1667711F459BC900649FAA /* BottomView.swift in Sources */,
				9A1E3C3D1F44429300F0EEB7 /* BaseTabBarController.swift in Sources */,
				9A16676B1F4586A100649FAA /* ChatDetaillViewController.swift in Sources */,
			);
			runOnlyForDeploymentPostprocessing = 0;
		};
/* End PBXSourcesBuildPhase section */

/* Begin PBXVariantGroup section */
		9A1E3C2B1F44303E00F0EEB7 /* Main.storyboard */ = {
			isa = PBXVariantGroup;
			children = (
				9A1E3C2C1F44303E00F0EEB7 /* Base */,
			);
			name = Main.storyboard;
			sourceTree = "<group>";
		};
		9A1E3C301F44303E00F0EEB7 /* LaunchScreen.storyboard */ = {
			isa = PBXVariantGroup;
			children = (
				9A1E3C311F44303E00F0EEB7 /* Base */,
			);
			name = LaunchScreen.storyboard;
			sourceTree = "<group>";
		};
/* End PBXVariantGroup section */

/* Begin XCBuildConfiguration section */
		9A1E3C341F44303E00F0EEB7 /* Debug */ = {
			isa = XCBuildConfiguration;
			buildSettings = {
				ALWAYS_SEARCH_USER_PATHS = NO;
				CLANG_ANALYZER_NONNULL = YES;
				CLANG_ANALYZER_NUMBER_OBJECT_CONVERSION = YES_AGGRESSIVE;
				CLANG_CXX_LANGUAGE_STANDARD = "gnu++0x";
				CLANG_CXX_LIBRARY = "libc++";
				CLANG_ENABLE_MODULES = YES;
				CLANG_ENABLE_OBJC_ARC = YES;
				CLANG_WARN_BOOL_CONVERSION = YES;
				CLANG_WARN_CONSTANT_CONVERSION = YES;
				CLANG_WARN_DIRECT_OBJC_ISA_USAGE = YES_ERROR;
				CLANG_WARN_DOCUMENTATION_COMMENTS = YES;
				CLANG_WARN_EMPTY_BODY = YES;
				CLANG_WARN_ENUM_CONVERSION = YES;
				CLANG_WARN_INFINITE_RECURSION = YES;
				CLANG_WARN_INT_CONVERSION = YES;
				CLANG_WARN_OBJC_ROOT_CLASS = YES_ERROR;
				CLANG_WARN_SUSPICIOUS_MOVE = YES;
				CLANG_WARN_UNREACHABLE_CODE = YES;
				CLANG_WARN__DUPLICATE_METHOD_MATCH = YES;
				"CODE_SIGN_IDENTITY[sdk=iphoneos*]" = "iPhone Developer";
				COPY_PHASE_STRIP = NO;
				DEBUG_INFORMATION_FORMAT = dwarf;
				ENABLE_STRICT_OBJC_MSGSEND = YES;
				ENABLE_TESTABILITY = YES;
				GCC_C_LANGUAGE_STANDARD = gnu99;
				GCC_DYNAMIC_NO_PIC = NO;
				GCC_NO_COMMON_BLOCKS = YES;
				GCC_OPTIMIZATION_LEVEL = 0;
				GCC_PREPROCESSOR_DEFINITIONS = (
					"DEBUG=1",
					"$(inherited)",
				);
				GCC_WARN_64_TO_32_BIT_CONVERSION = YES;
				GCC_WARN_ABOUT_RETURN_TYPE = YES_ERROR;
				GCC_WARN_UNDECLARED_SELECTOR = YES;
				GCC_WARN_UNINITIALIZED_AUTOS = YES_AGGRESSIVE;
				GCC_WARN_UNUSED_FUNCTION = YES;
				GCC_WARN_UNUSED_VARIABLE = YES;
				IPHONEOS_DEPLOYMENT_TARGET = 10.3;
				MTL_ENABLE_DEBUG_INFO = YES;
				ONLY_ACTIVE_ARCH = YES;
				SDKROOT = iphoneos;
				SWIFT_ACTIVE_COMPILATION_CONDITIONS = DEBUG;
				SWIFT_OPTIMIZATION_LEVEL = "-Onone";
				TARGETED_DEVICE_FAMILY = "1,2";
			};
			name = Debug;
		};
		9A1E3C351F44303E00F0EEB7 /* Release */ = {
			isa = XCBuildConfiguration;
			buildSettings = {
				ALWAYS_SEARCH_USER_PATHS = NO;
				CLANG_ANALYZER_NONNULL = YES;
				CLANG_ANALYZER_NUMBER_OBJECT_CONVERSION = YES_AGGRESSIVE;
				CLANG_CXX_LANGUAGE_STANDARD = "gnu++0x";
				CLANG_CXX_LIBRARY = "libc++";
				CLANG_ENABLE_MODULES = YES;
				CLANG_ENABLE_OBJC_ARC = YES;
				CLANG_WARN_BOOL_CONVERSION = YES;
				CLANG_WARN_CONSTANT_CONVERSION = YES;
				CLANG_WARN_DIRECT_OBJC_ISA_USAGE = YES_ERROR;
				CLANG_WARN_DOCUMENTATION_COMMENTS = YES;
				CLANG_WARN_EMPTY_BODY = YES;
				CLANG_WARN_ENUM_CONVERSION = YES;
				CLANG_WARN_INFINITE_RECURSION = YES;
				CLANG_WARN_INT_CONVERSION = YES;
				CLANG_WARN_OBJC_ROOT_CLASS = YES_ERROR;
				CLANG_WARN_SUSPICIOUS_MOVE = YES;
				CLANG_WARN_UNREACHABLE_CODE = YES;
				CLANG_WARN__DUPLICATE_METHOD_MATCH = YES;
				"CODE_SIGN_IDENTITY[sdk=iphoneos*]" = "iPhone Developer";
				COPY_PHASE_STRIP = NO;
				DEBUG_INFORMATION_FORMAT = "dwarf-with-dsym";
				ENABLE_NS_ASSERTIONS = NO;
				ENABLE_STRICT_OBJC_MSGSEND = YES;
				GCC_C_LANGUAGE_STANDARD = gnu99;
				GCC_NO_COMMON_BLOCKS = YES;
				GCC_WARN_64_TO_32_BIT_CONVERSION = YES;
				GCC_WARN_ABOUT_RETURN_TYPE = YES_ERROR;
				GCC_WARN_UNDECLARED_SELECTOR = YES;
				GCC_WARN_UNINITIALIZED_AUTOS = YES_AGGRESSIVE;
				GCC_WARN_UNUSED_FUNCTION = YES;
				GCC_WARN_UNUSED_VARIABLE = YES;
				IPHONEOS_DEPLOYMENT_TARGET = 10.3;
				MTL_ENABLE_DEBUG_INFO = NO;
				SDKROOT = iphoneos;
				SWIFT_OPTIMIZATION_LEVEL = "-Owholemodule";
				TARGETED_DEVICE_FAMILY = "1,2";
				VALIDATE_PRODUCT = YES;
			};
			name = Release;
		};
		9A1E3C371F44303E00F0EEB7 /* Debug */ = {
			isa = XCBuildConfiguration;
			buildSettings = {
				ASSETCATALOG_COMPILER_APPICON_NAME = AppIcon;
				DEVELOPMENT_TEAM = KDWLXRW984;
				INFOPLIST_FILE = "We-Chat/Info.plist";
				LD_RUNPATH_SEARCH_PATHS = "$(inherited) @executable_path/Frameworks";
				PRODUCT_BUNDLE_IDENTIFIER = "xvbobo.We-Chat";
				PRODUCT_NAME = "$(TARGET_NAME)";
				SWIFT_VERSION = 3.0;
			};
			name = Debug;
		};
		9A1E3C381F44303E00F0EEB7 /* Release */ = {
			isa = XCBuildConfiguration;
			buildSettings = {
				ASSETCATALOG_COMPILER_APPICON_NAME = AppIcon;
				DEVELOPMENT_TEAM = KDWLXRW984;
				INFOPLIST_FILE = "We-Chat/Info.plist";
				LD_RUNPATH_SEARCH_PATHS = "$(inherited) @executable_path/Frameworks";
				PRODUCT_BUNDLE_IDENTIFIER = "xvbobo.We-Chat";
				PRODUCT_NAME = "$(TARGET_NAME)";
				SWIFT_VERSION = 3.0;
			};
			name = Release;
		};
/* End XCBuildConfiguration section */

/* Begin XCConfigurationList section */
		9A1E3C1F1F44303E00F0EEB7 /* Build configuration list for PBXProject "We-Chat" */ = {
			isa = XCConfigurationList;
			buildConfigurations = (
				9A1E3C341F44303E00F0EEB7 /* Debug */,
				9A1E3C351F44303E00F0EEB7 /* Release */,
			);
			defaultConfigurationIsVisible = 0;
			defaultConfigurationName = Release;
		};
		9A1E3C361F44303E00F0EEB7 /* Build configuration list for PBXNativeTarget "We-Chat" */ = {
			isa = XCConfigurationList;
			buildConfigurations = (
				9A1E3C371F44303E00F0EEB7 /* Debug */,
				9A1E3C381F44303E00F0EEB7 /* Release */,
			);
			defaultConfigurationIsVisible = 0;
			defaultConfigurationName = Release;
		};
/* End XCConfigurationList section */
	};
	rootObject = 9A1E3C1C1F44303E00F0EEB7 /* Project object */;
}
